
Microsoft Visual Studio Solution File, Format Version 12.00
# Visual Studio Version 16
VisualStudioVersion = 16.0.30114.105
MinimumVisualStudioVersion = 10.0.40219.1
Project("{FAE04EC0-301F-11D3-BF4B-00C04F79EFBC}") = "R5T.S0035", "R5T.S0035\R5T.S0035.csproj", "{CC81C8FF-2C6C-472E-A3B2-03AC2CFFA917}"
EndProject
Project("{2150E333-8FDC-42A3-9474-1A3956D46DE8}") = "_Dependencies", "_Dependencies", "{E861B981-91DD-4B7E-A1C8-43711C5C58B6}"
EndProject
Project("{FAE04EC0-301F-11D3-BF4B-00C04F79EFBC}") = "R5T.Plymouth.ProgramAsAService", "..\..\R5T.Plymouth\source\R5T.Plymouth.ProgramAsAService\R5T.Plymouth.ProgramAsAService.csproj", "{CEAD4B21-6D36-4C86-8A26-9AB572665133}"
EndProject
Project("{FAE04EC0-301F-11D3-BF4B-00C04F79EFBC}") = "R5T.T0027.T009", "..\..\R5T.T0027\source\R5T.T0027.T009\R5T.T0027.T009.csproj", "{C614EBBF-8111-4529-A364-59E47E445C0F}"
EndProject
Project("{FAE04EC0-301F-11D3-BF4B-00C04F79EFBC}") = "R5T.S0035.Lib", "R5T.S0035.Lib\R5T.S0035.Lib.csproj", "{3392BF4B-679B-46DB-9585-613C988090D6}"
EndProject
Project("{FAE04EC0-301F-11D3-BF4B-00C04F79EFBC}") = "R5T.Magyar", "..\..\R5T.Magyar\source\R5T.Magyar\R5T.Magyar.csproj", "{09ED2AE4-6AF3-4475-95EF-CCBF745B7586}"
EndProject
Project("{FAE04EC0-301F-11D3-BF4B-00C04F79EFBC}") = "R5T.T0039.T002", "..\..\R5T.T0039\source\R5T.T0039.T002\R5T.T0039.T002.csproj", "{5FFA1DD8-F98C-42D8-91DE-64157AAA7167}"
EndProject
Global
	GlobalSection(SolutionConfigurationPlatforms) = preSolution
		Debug|Any CPU = Debug|Any CPU
		Debug|x64 = Debug|x64
		Debug|x86 = Debug|x86
		Release|Any CPU = Release|Any CPU
		Release|x64 = Release|x64
		Release|x86 = Release|x86
	EndGlobalSection
	GlobalSection(SolutionProperties) = preSolution
		HideSolutionNode = FALSE
	EndGlobalSection
	GlobalSection(ProjectConfigurationPlatforms) = postSolution
		{CC81C8FF-2C6C-472E-A3B2-03AC2CFFA917}.Debug|Any CPU.ActiveCfg = Debug|Any CPU
		{CC81C8FF-2C6C-472E-A3B2-03AC2CFFA917}.Debug|Any CPU.Build.0 = Debug|Any CPU
		{CC81C8FF-2C6C-472E-A3B2-03AC2CFFA917}.Debug|x64.ActiveCfg = Debug|Any CPU
		{CC81C8FF-2C6C-472E-A3B2-03AC2CFFA917}.Debug|x64.Build.0 = Debug|Any CPU
		{CC81C8FF-2C6C-472E-A3B2-03AC2CFFA917}.Debug|x86.ActiveCfg = Debug|Any CPU
		{CC81C8FF-2C6C-472E-A3B2-03AC2CFFA917}.Debug|x86.Build.0 = Debug|Any CPU
		{CC81C8FF-2C6C-472E-A3B2-03AC2CFFA917}.Release|Any CPU.ActiveCfg = Release|Any CPU
		{CC81C8FF-2C6C-472E-A3B2-03AC2CFFA917}.Release|Any CPU.Build.0 = Release|Any CPU
		{CC81C8FF-2C6C-472E-A3B2-03AC2CFFA917}.Release|x64.ActiveCfg = Release|Any CPU
		{CC81C8FF-2C6C-472E-A3B2-03AC2CFFA917}.Release|x64.Build.0 = Release|Any CPU
		{CC81C8FF-2C6C-472E-A3B2-03AC2CFFA917}.Release|x86.ActiveCfg = Release|Any CPU
		{CC81C8FF-2C6C-472E-A3B2-03AC2CFFA917}.Release|x86.Build.0 = Release|Any CPU
		{CEAD4B21-6D36-4C86-8A26-9AB572665133}.Debug|Any CPU.ActiveCfg = Debug|Any CPU
		{CEAD4B21-6D36-4C86-8A26-9AB572665133}.Debug|Any CPU.Build.0 = Debug|Any CPU
		{CEAD4B21-6D36-4C86-8A26-9AB572665133}.Debug|x64.ActiveCfg = Debug|Any CPU
		{CEAD4B21-6D36-4C86-8A26-9AB572665133}.Debug|x64.Build.0 = Debug|Any CPU
		{CEAD4B21-6D36-4C86-8A26-9AB572665133}.Debug|x86.ActiveCfg = Debug|Any CPU
		{CEAD4B21-6D36-4C86-8A26-9AB572665133}.Debug|x86.Build.0 = Debug|Any CPU
		{CEAD4B21-6D36-4C86-8A26-9AB572665133}.Release|Any CPU.ActiveCfg = Release|Any CPU
		{CEAD4B21-6D36-4C86-8A26-9AB572665133}.Release|Any CPU.Build.0 = Release|Any CPU
		{CEAD4B21-6D36-4C86-8A26-9AB572665133}.Release|x64.ActiveCfg = Release|Any CPU
		{CEAD4B21-6D36-4C86-8A26-9AB572665133}.Release|x64.Build.0 = Release|Any CPU
		{CEAD4B21-6D36-4C86-8A26-9AB572665133}.Release|x86.ActiveCfg = Release|Any CPU
		{CEAD4B21-6D36-4C86-8A26-9AB572665133}.Release|x86.Build.0 = Release|Any CPU
		{C614EBBF-8111-4529-A364-59E47E445C0F}.Debug|Any CPU.ActiveCfg = Debug|Any CPU
		{C614EBBF-8111-4529-A364-59E47E445C0F}.Debug|Any CPU.Build.0 = Debug|Any CPU
		{C614EBBF-8111-4529-A364-59E47E445C0F}.Debug|x64.ActiveCfg = Debug|Any CPU
		{C614EBBF-8111-4529-A364-59E47E445C0F}.Debug|x64.Build.0 = Debug|Any CPU
		{C614EBBF-8111-4529-A364-59E47E445C0F}.Debug|x86.ActiveCfg = Debug|Any CPU
		{C614EBBF-8111-4529-A364-59E47E445C0F}.Debug|x86.Build.0 = Debug|Any CPU
		{C614EBBF-8111-4529-A364-59E47E445C0F}.Release|Any CPU.ActiveCfg = Release|Any CPU
		{C614EBBF-8111-4529-A364-59E47E445C0F}.Release|Any CPU.Build.0 = Release|Any CPU
		{C614EBBF-8111-4529-A364-59E47E445C0F}.Release|x64.ActiveCfg = Release|Any CPU
		{C614EBBF-8111-4529-A364-59E47E445C0F}.Release|x64.Build.0 = Release|Any CPU
		{C614EBBF-8111-4529-A364-59E47E445C0F}.Release|x86.ActiveCfg = Release|Any CPU
		{C614EBBF-8111-4529-A364-59E47E445C0F}.Release|x86.Build.0 = Release|Any CPU
		{3392BF4B-679B-46DB-9585-613C988090D6}.Debug|Any CPU.ActiveCfg = Debug|Any CPU
		{3392BF4B-679B-46DB-9585-613C988090D6}.Debug|Any CPU.Build.0 = Debug|Any CPU
		{3392BF4B-679B-46DB-9585-613C988090D6}.Debug|x64.ActiveCfg = Debug|Any CPU
		{3392BF4B-679B-46DB-9585-613C988090D6}.Debug|x64.Build.0 = Debug|Any CPU
		{3392BF4B-679B-46DB-9585-613C988090D6}.Debug|x86.ActiveCfg = Debug|Any CPU
		{3392BF4B-679B-46DB-9585-613C988090D6}.Debug|x86.Build.0 = Debug|Any CPU
		{3392BF4B-679B-46DB-9585-613C988090D6}.Release|Any CPU.ActiveCfg = Release|Any CPU
		{3392BF4B-679B-46DB-9585-613C988090D6}.Release|Any CPU.Build.0 = Release|Any CPU
		{3392BF4B-679B-46DB-9585-613C988090D6}.Release|x64.ActiveCfg = Release|Any CPU
		{3392BF4B-679B-46DB-9585-613C988090D6}.Release|x64.Build.0 = Release|Any CPU
		{3392BF4B-679B-46DB-9585-613C988090D6}.Release|x86.ActiveCfg = Release|Any CPU
		{3392BF4B-679B-46DB-9585-613C988090D6}.Release|x86.Build.0 = Release|Any CPU
		{09ED2AE4-6AF3-4475-95EF-CCBF745B7586}.Debug|Any CPU.ActiveCfg = Debug|Any CPU
		{09ED2AE4-6AF3-4475-95EF-CCBF745B7586}.Debug|Any CPU.Build.0 = Debug|Any CPU
		{09ED2AE4-6AF3-4475-95EF-CCBF745B7586}.Debug|x64.ActiveCfg = Debug|Any CPU
		{09ED2AE4-6AF3-4475-95EF-CCBF745B7586}.Debug|x64.Build.0 = Debug|Any CPU
		{09ED2AE4-6AF3-4475-95EF-CCBF745B7586}.Debug|x86.ActiveCfg = Debug|Any CPU
		{09ED2AE4-6AF3-4475-95EF-CCBF745B7586}.Debug|x86.Build.0 = Debug|Any CPU
		{09ED2AE4-6AF3-4475-95EF-CCBF745B7586}.Release|Any CPU.ActiveCfg = Release|Any CPU
		{09ED2AE4-6AF3-4475-95EF-CCBF745B7586}.Release|Any CPU.Build.0 = Release|Any CPU
		{09ED2AE4-6AF3-4475-95EF-CCBF745B7586}.Release|x64.ActiveCfg = Release|Any CPU
		{09ED2AE4-6AF3-4475-95EF-CCBF745B7586}.Release|x64.Build.0 = Release|Any CPU
		{09ED2AE4-6AF3-4475-95EF-CCBF745B7586}.Release|x86.ActiveCfg = Release|Any CPU
		{09ED2AE4-6AF3-4475-95EF-CCBF745B7586}.Release|x86.Build.0 = Release|Any CPU
		{5FFA1DD8-F98C-42D8-91DE-64157AAA7167}.Debug|Any CPU.ActiveCfg = Debug|Any CPU
		{5FFA1DD8-F98C-42D8-91DE-64157AAA7167}.Debug|Any CPU.Build.0 = Debug|Any CPU
		{5FFA1DD8-F98C-42D8-91DE-64157AAA7167}.Debug|x64.ActiveCfg = Debug|Any CPU
		{5FFA1DD8-F98C-42D8-91DE-64157AAA7167}.Debug|x64.Build.0 = Debug|Any CPU
		{5FFA1DD8-F98C-42D8-91DE-64157AAA7167}.Debug|x86.ActiveCfg = Debug|Any CPU
		{5FFA1DD8-F98C-42D8-91DE-64157AAA7167}.Debug|x86.Build.0 = Debug|Any CPU
		{5FFA1DD8-F98C-42D8-91DE-64157AAA7167}.Release|Any CPU.ActiveCfg = Release|Any CPU
		{5FFA1DD8-F98C-42D8-91DE-64157AAA7167}.Release|Any CPU.Build.0 = Release|Any CPU
		{5FFA1DD8-F98C-42D8-91DE-64157AAA7167}.Release|x64.ActiveCfg = Release|Any CPU
		{5FFA1DD8-F98C-42D8-91DE-64157AAA7167}.Release|x64.Build.0 = Release|Any CPU
		{5FFA1DD8-F98C-42D8-91DE-64157AAA7167}.Release|x86.ActiveCfg = Release|Any CPU
		{5FFA1DD8-F98C-42D8-91DE-64157AAA7167}.Release|x86.Build.0 = Release|Any CPU
	EndGlobalSection
	GlobalSection(NestedProjects) = preSolution
		{CEAD4B21-6D36-4C86-8A26-9AB572665133} = {E861B981-91DD-4B7E-A1C8-43711C5C58B6}
		{C614EBBF-8111-4529-A364-59E47E445C0F} = {E861B981-91DD-4B7E-A1C8-43711C5C58B6}
		{09ED2AE4-6AF3-4475-95EF-CCBF745B7586} = {E861B981-91DD-4B7E-A1C8-43711C5C58B6}
		{5FFA1DD8-F98C-42D8-91DE-64157AAA7167} = {E861B981-91DD-4B7E-A1C8-43711C5C58B6}
	EndGlobalSection
EndGlobal
