
Microsoft Visual Studio Solution File, Format Version 12.00
# Visual Studio Version 16
VisualStudioVersion = 16.0.30114.105
MinimumVisualStudioVersion = 10.0.40219.1
Project("{9A19103F-16F7-4668-BE54-9A1E7A4F7556}") = "R5T.S0035", "R5T.S0035\R5T.S0035.csproj", "{CC81C8FF-2C6C-472E-A3B2-03AC2CFFA917}"
EndProject
Project("{2150E333-8FDC-42A3-9474-1A3956D46DE8}") = "_Dependencies", "_Dependencies", "{E861B981-91DD-4B7E-A1C8-43711C5C58B6}"
EndProject
Project("{9A19103F-16F7-4668-BE54-9A1E7A4F7556}") = "R5T.S0035.Lib", "R5T.S0035.Lib\R5T.S0035.Lib.csproj", "{3392BF4B-679B-46DB-9585-613C988090D6}"
EndProject
Project("{9A19103F-16F7-4668-BE54-9A1E7A4F7556}") = "R5T.Magyar", "..\..\R5T.Magyar\source\R5T.Magyar\R5T.Magyar.csproj", "{09ED2AE4-6AF3-4475-95EF-CCBF745B7586}"
EndProject
Project("{9A19103F-16F7-4668-BE54-9A1E7A4F7556}") = "R5T.B0006.X0004", "..\..\R5T.B0006.X0004\source\R5T.B0006.X0004\R5T.B0006.X0004.csproj", "{5F77028F-3E53-426B-A95E-3697FF572C6D}"
EndProject
Global
	GlobalSection(SolutionConfigurationPlatforms) = preSolution
		Debug|Any CPU = Debug|Any CPU
		Debug|x64 = Debug|x64
		Debug|x86 = Debug|x86
		Release|Any CPU = Release|Any CPU
		Release|x64 = Release|x64
		Release|x86 = Release|x86
	EndGlobalSection
	GlobalSection(ProjectConfigurationPlatforms) = postSolution
		{CC81C8FF-2C6C-472E-A3B2-03AC2CFFA917}.Debug|Any CPU.ActiveCfg = Debug|Any CPU
		{CC81C8FF-2C6C-472E-A3B2-03AC2CFFA917}.Debug|Any CPU.Build.0 = Debug|Any CPU
		{CC81C8FF-2C6C-472E-A3B2-03AC2CFFA917}.Debug|x64.ActiveCfg = Debug|Any CPU
		{CC81C8FF-2C6C-472E-A3B2-03AC2CFFA917}.Debug|x64.Build.0 = Debug|Any CPU
		{CC81C8FF-2C6C-472E-A3B2-03AC2CFFA917}.Debug|x86.ActiveCfg = Debug|Any CPU
		{CC81C8FF-2C6C-472E-A3B2-03AC2CFFA917}.Debug|x86.Build.0 = Debug|Any CPU
		{CC81C8FF-2C6C-472E-A3B2-03AC2CFFA917}.Release|Any CPU.ActiveCfg = Release|Any CPU
		{CC81C8FF-2C6C-472E-A3B2-03AC2CFFA917}.Release|Any CPU.Build.0 = Release|Any CPU
		{CC81C8FF-2C6C-472E-A3B2-03AC2CFFA917}.Release|x64.ActiveCfg = Release|Any CPU
		{CC81C8FF-2C6C-472E-A3B2-03AC2CFFA917}.Release|x64.Build.0 = Release|Any CPU
		{CC81C8FF-2C6C-472E-A3B2-03AC2CFFA917}.Release|x86.ActiveCfg = Release|Any CPU
		{CC81C8FF-2C6C-472E-A3B2-03AC2CFFA917}.Release|x86.Build.0 = Release|Any CPU
		{3392BF4B-679B-46DB-9585-613C988090D6}.Debug|Any CPU.ActiveCfg = Debug|Any CPU
		{3392BF4B-679B-46DB-9585-613C988090D6}.Debug|Any CPU.Build.0 = Debug|Any CPU
		{3392BF4B-679B-46DB-9585-613C988090D6}.Debug|x64.ActiveCfg = Debug|Any CPU
		{3392BF4B-679B-46DB-9585-613C988090D6}.Debug|x64.Build.0 = Debug|Any CPU
		{3392BF4B-679B-46DB-9585-613C988090D6}.Debug|x86.ActiveCfg = Debug|Any CPU
		{3392BF4B-679B-46DB-9585-613C988090D6}.Debug|x86.Build.0 = Debug|Any CPU
		{3392BF4B-679B-46DB-9585-613C988090D6}.Release|Any CPU.ActiveCfg = Release|Any CPU
		{3392BF4B-679B-46DB-9585-613C988090D6}.Release|Any CPU.Build.0 = Release|Any CPU
		{3392BF4B-679B-46DB-9585-613C988090D6}.Release|x64.ActiveCfg = Release|Any CPU
		{3392BF4B-679B-46DB-9585-613C988090D6}.Release|x64.Build.0 = Release|Any CPU
		{3392BF4B-679B-46DB-9585-613C988090D6}.Release|x86.ActiveCfg = Release|Any CPU
		{3392BF4B-679B-46DB-9585-613C988090D6}.Release|x86.Build.0 = Release|Any CPU
		{09ED2AE4-6AF3-4475-95EF-CCBF745B7586}.Debug|Any CPU.ActiveCfg = Debug|Any CPU
		{09ED2AE4-6AF3-4475-95EF-CCBF745B7586}.Debug|Any CPU.Build.0 = Debug|Any CPU
		{09ED2AE4-6AF3-4475-95EF-CCBF745B7586}.Debug|x64.ActiveCfg = Debug|Any CPU
		{09ED2AE4-6AF3-4475-95EF-CCBF745B7586}.Debug|x64.Build.0 = Debug|Any CPU
		{09ED2AE4-6AF3-4475-95EF-CCBF745B7586}.Debug|x86.ActiveCfg = Debug|Any CPU
		{09ED2AE4-6AF3-4475-95EF-CCBF745B7586}.Debug|x86.Build.0 = Debug|Any CPU
		{09ED2AE4-6AF3-4475-95EF-CCBF745B7586}.Release|Any CPU.ActiveCfg = Release|Any CPU
		{09ED2AE4-6AF3-4475-95EF-CCBF745B7586}.Release|Any CPU.Build.0 = Release|Any CPU
		{09ED2AE4-6AF3-4475-95EF-CCBF745B7586}.Release|x64.ActiveCfg = Release|Any CPU
		{09ED2AE4-6AF3-4475-95EF-CCBF745B7586}.Release|x64.Build.0 = Release|Any CPU
		{09ED2AE4-6AF3-4475-95EF-CCBF745B7586}.Release|x86.ActiveCfg = Release|Any CPU
		{09ED2AE4-6AF3-4475-95EF-CCBF745B7586}.Release|x86.Build.0 = Release|Any CPU
		{5F77028F-3E53-426B-A95E-3697FF572C6D}.Debug|Any CPU.ActiveCfg = Debug|Any CPU
		{5F77028F-3E53-426B-A95E-3697FF572C6D}.Debug|Any CPU.Build.0 = Debug|Any CPU
		{5F77028F-3E53-426B-A95E-3697FF572C6D}.Debug|x64.ActiveCfg = Debug|Any CPU
		{5F77028F-3E53-426B-A95E-3697FF572C6D}.Debug|x64.Build.0 = Debug|Any CPU
		{5F77028F-3E53-426B-A95E-3697FF572C6D}.Debug|x86.ActiveCfg = Debug|Any CPU
		{5F77028F-3E53-426B-A95E-3697FF572C6D}.Debug|x86.Build.0 = Debug|Any CPU
		{5F77028F-3E53-426B-A95E-3697FF572C6D}.Release|Any CPU.ActiveCfg = Release|Any CPU
		{5F77028F-3E53-426B-A95E-3697FF572C6D}.Release|Any CPU.Build.0 = Release|Any CPU
		{5F77028F-3E53-426B-A95E-3697FF572C6D}.Release|x64.ActiveCfg = Release|Any CPU
		{5F77028F-3E53-426B-A95E-3697FF572C6D}.Release|x64.Build.0 = Release|Any CPU
		{5F77028F-3E53-426B-A95E-3697FF572C6D}.Release|x86.ActiveCfg = Release|Any CPU
		{5F77028F-3E53-426B-A95E-3697FF572C6D}.Release|x86.Build.0 = Release|Any CPU
	EndGlobalSection
	GlobalSection(SolutionProperties) = preSolution
		HideSolutionNode = FALSE
	EndGlobalSection
	GlobalSection(NestedProjects) = preSolution
		{09ED2AE4-6AF3-4475-95EF-CCBF745B7586} = {E861B981-91DD-4B7E-A1C8-43711C5C58B6}
		{5F77028F-3E53-426B-A95E-3697FF572C6D} = {E861B981-91DD-4B7E-A1C8-43711C5C58B6}
	EndGlobalSection
	GlobalSection(ExtensibilityGlobals) = postSolution
		SolutionGuid = {3E6F37EF-C994-4552-991F-5389ACFBBAD5}
	EndGlobalSection
EndGlobal
