
Microsoft Visual Studio Solution File, Format Version 12.00
# Visual Studio Version 16
VisualStudioVersion = 16.0.30114.105
MinimumVisualStudioVersion = 10.0.40219.1
Project("{9A19103F-16F7-4668-BE54-9A1E7A4F7556}") = "R5T.S0035", "R5T.S0035\R5T.S0035.csproj", "{CC81C8FF-2C6C-472E-A3B2-03AC2CFFA917}"
EndProject
Project("{2150E333-8FDC-42A3-9474-1A3956D46DE8}") = "_Dependencies", "_Dependencies", "{E861B981-91DD-4B7E-A1C8-43711C5C58B6}"
EndProject
Project("{9A19103F-16F7-4668-BE54-9A1E7A4F7556}") = "R5T.S0035.Lib", "R5T.S0035.Lib\R5T.S0035.Lib.csproj", "{3392BF4B-679B-46DB-9585-613C988090D6}"
EndProject
Project("{9A19103F-16F7-4668-BE54-9A1E7A4F7556}") = "R5T.Magyar", "..\..\R5T.Magyar\source\R5T.Magyar\R5T.Magyar.csproj", "{09ED2AE4-6AF3-4475-95EF-CCBF745B7586}"
EndProject
Project("{9A19103F-16F7-4668-BE54-9A1E7A4F7556}") = "R5T.B0006.X0004", "..\..\R5T.B0006.X0004\source\R5T.B0006.X0004\R5T.B0006.X0004.csproj", "{5F77028F-3E53-426B-A95E-3697FF572C6D}"
EndProject
Project("{9A19103F-16F7-4668-BE54-9A1E7A4F7556}") = "R5T.B0006.X0001", "..\..\R5T.B0006.X0001\source\R5T.B0006.X0001\R5T.B0006.X0001.csproj", "{9A4AB8E2-64D8-42DD-A8E8-2D40236FC0E5}"
EndProject
Project("{9A19103F-16F7-4668-BE54-9A1E7A4F7556}") = "R5T.B0006", "..\..\R5T.B0006\source\R5T.B0006\R5T.B0006.csproj", "{35338A85-393E-43CA-83AD-8AE2D822D053}"
EndProject
Project("{9A19103F-16F7-4668-BE54-9A1E7A4F7556}") = "R5T.B0007.X0001", "..\..\R5T.B0007.X0001\source\R5T.B0007.X0001\R5T.B0007.X0001.csproj", "{0965A094-5A99-46DE-8018-BA1837CFA7D9}"
EndProject
Project("{9A19103F-16F7-4668-BE54-9A1E7A4F7556}") = "R5T.B0007.X0002", "..\..\R5T.B0007.X0002\source\R5T.B0007.X0002\R5T.B0007.X0002.csproj", "{70490480-86AF-4A71-9DD0-69BFFA30929E}"
EndProject
Project("{9A19103F-16F7-4668-BE54-9A1E7A4F7556}") = "R5T.B0007", "..\..\R5T.B0007\source\R5T.B0007\R5T.B0007.csproj", "{9DA3F4F2-6038-4B5D-AD83-C93D341424CC}"
EndProject
Project("{9A19103F-16F7-4668-BE54-9A1E7A4F7556}") = "R5T.F0000", "..\..\R5T.F0000\source\R5T.F0000\R5T.F0000.csproj", "{51F1D4F1-3B2E-4CF7-A398-4B1710F0115A}"
EndProject
Project("{9A19103F-16F7-4668-BE54-9A1E7A4F7556}") = "R5T.F0003", "..\..\R5T.F0003\source\R5T.F0003\R5T.F0003.csproj", "{57AE33DF-9F65-4BD8-A225-9D2C5F2B6426}"
EndProject
Project("{9A19103F-16F7-4668-BE54-9A1E7A4F7556}") = "R5T.F0004", "..\..\R5T.F0004\source\R5T.F0004\R5T.F0004.csproj", "{FA14FFD4-D4E8-426E-BA12-3E9C238C278B}"
EndProject
Project("{9A19103F-16F7-4668-BE54-9A1E7A4F7556}") = "R5T.F0007", "..\..\R5T.F0007\source\R5T.F0007\R5T.F0007.csproj", "{016BCD9E-A528-4A24-BA0B-F08FBEE2E40E}"
EndProject
Project("{9A19103F-16F7-4668-BE54-9A1E7A4F7556}") = "R5T.F0022", "..\..\R5T.F0022\source\R5T.F0022\R5T.F0022.csproj", "{005618E4-06CD-4363-A178-44248E3DC180}"
EndProject
Project("{9A19103F-16F7-4668-BE54-9A1E7A4F7556}") = "R5T.L0011", "..\..\R5T.L0011\source\R5T.L0011\R5T.L0011.csproj", "{794DF6E5-CC13-468C-922F-030E143A3086}"
EndProject
Project("{9A19103F-16F7-4668-BE54-9A1E7A4F7556}") = "R5T.L0053", "..\..\R5T.L0053\source\R5T.L0053\R5T.L0053.csproj", "{0B7A7130-99D7-4681-8847-B96F2B275698}"
EndProject
Project("{9A19103F-16F7-4668-BE54-9A1E7A4F7556}") = "R5T.L0066", "..\..\R5T.L0066\source\R5T.L0066\R5T.L0066.csproj", "{C7B5BF10-1F76-4C92-825A-CDB79A11022E}"
EndProject
Project("{9A19103F-16F7-4668-BE54-9A1E7A4F7556}") = "R5T.T0039.T002", "..\..\R5T.T0039\source\R5T.T0039.T002\R5T.T0039.T002.csproj", "{F6FA17D0-9CE3-41F0-A6D0-62D0240AB3D8}"
EndProject
Project("{9A19103F-16F7-4668-BE54-9A1E7A4F7556}") = "R5T.T0131", "..\..\R5T.T0131\source\R5T.T0131\R5T.T0131.csproj", "{4922BFCB-16AA-4EA5-B389-8EC98FCF8716}"
EndProject
Project("{9A19103F-16F7-4668-BE54-9A1E7A4F7556}") = "R5T.T0132", "..\..\R5T.T0132\source\R5T.T0132\R5T.T0132.csproj", "{660D4C26-2580-4F1D-95BB-2A75B4EB34C7}"
EndProject
Project("{9A19103F-16F7-4668-BE54-9A1E7A4F7556}") = "R5T.T0136", "..\..\R5T.T0136\source\R5T.T0136\R5T.T0136.csproj", "{9E00A01E-B8CC-4444-A370-C32DAC9BFD59}"
EndProject
Project("{9A19103F-16F7-4668-BE54-9A1E7A4F7556}") = "R5T.T0142", "..\..\R5T.T0142\source\R5T.T0142\R5T.T0142.csproj", "{A7D2D48A-96EC-47E6-B18A-E06384C6183F}"
EndProject
Project("{9A19103F-16F7-4668-BE54-9A1E7A4F7556}") = "R5T.T0143", "..\..\R5T.T0143\source\R5T.T0143\R5T.T0143.csproj", "{6677B3AD-C6AD-429A-A861-7C4ACC9A0C82}"
EndProject
Project("{9A19103F-16F7-4668-BE54-9A1E7A4F7556}") = "R5T.T0156", "..\..\R5T.T0156\source\R5T.T0156\R5T.T0156.csproj", "{ACAFACFB-7F96-49A8-BEC4-E41ABD6ADBA6}"
EndProject
Project("{9A19103F-16F7-4668-BE54-9A1E7A4F7556}") = "R5T.T0221", "..\..\R5T.T0221\source\R5T.T0221\R5T.T0221.csproj", "{AC8B5708-B896-4EAF-A064-B4BA90377C5C}"
EndProject
Project("{9A19103F-16F7-4668-BE54-9A1E7A4F7556}") = "R5T.X0005", "..\..\R5T.X0005\source\R5T.X0005\R5T.X0005.csproj", "{BCED8880-8F5D-45A7-9486-B686F8EA3700}"
EndProject
Project("{9A19103F-16F7-4668-BE54-9A1E7A4F7556}") = "R5T.Y0000", "..\..\R5T.Y0000\source\R5T.Y0000\R5T.Y0000.csproj", "{E7660A7E-C2F5-4803-8B46-3F77D62C53C3}"
EndProject
Project("{9A19103F-16F7-4668-BE54-9A1E7A4F7556}") = "R5T.Y0006", "..\..\R5T.Y0006\source\R5T.Y0006\R5T.Y0006.csproj", "{424B6EC6-7490-4F7F-A407-526D0BEBD1A5}"
EndProject
Project("{9A19103F-16F7-4668-BE54-9A1E7A4F7556}") = "R5T.Z0000", "..\..\R5T.Z0000\source\R5T.Z0000\R5T.Z0000.csproj", "{B251E22E-3B90-4CE8-B55B-BBE8C567D28C}"
EndProject
Project("{9A19103F-16F7-4668-BE54-9A1E7A4F7556}") = "R5T.Z0002", "..\..\R5T.Z0002\source\R5T.Z0002\R5T.Z0002.csproj", "{1E5FA000-1068-4AAA-9796-7EED2006582B}"
EndProject
Project("{9A19103F-16F7-4668-BE54-9A1E7A4F7556}") = "R5T.Z0010.Platform", "..\..\R5T.Z0010\source\R5T.Z0010.Platform\R5T.Z0010.Platform.csproj", "{71AE36C2-7FCC-4B52-93D2-21193A46AC21}"
EndProject
Global
	GlobalSection(NestedProjects) = preSolution
		{09ED2AE4-6AF3-4475-95EF-CCBF745B7586} = {E861B981-91DD-4B7E-A1C8-43711C5C58B6}
		{5F77028F-3E53-426B-A95E-3697FF572C6D} = {E861B981-91DD-4B7E-A1C8-43711C5C58B6}
		{9A4AB8E2-64D8-42DD-A8E8-2D40236FC0E5} = {E861B981-91DD-4B7E-A1C8-43711C5C58B6}
		{35338A85-393E-43CA-83AD-8AE2D822D053} = {E861B981-91DD-4B7E-A1C8-43711C5C58B6}
		{0965A094-5A99-46DE-8018-BA1837CFA7D9} = {E861B981-91DD-4B7E-A1C8-43711C5C58B6}
		{70490480-86AF-4A71-9DD0-69BFFA30929E} = {E861B981-91DD-4B7E-A1C8-43711C5C58B6}
		{9DA3F4F2-6038-4B5D-AD83-C93D341424CC} = {E861B981-91DD-4B7E-A1C8-43711C5C58B6}
		{51F1D4F1-3B2E-4CF7-A398-4B1710F0115A} = {E861B981-91DD-4B7E-A1C8-43711C5C58B6}
		{57AE33DF-9F65-4BD8-A225-9D2C5F2B6426} = {E861B981-91DD-4B7E-A1C8-43711C5C58B6}
		{FA14FFD4-D4E8-426E-BA12-3E9C238C278B} = {E861B981-91DD-4B7E-A1C8-43711C5C58B6}
		{016BCD9E-A528-4A24-BA0B-F08FBEE2E40E} = {E861B981-91DD-4B7E-A1C8-43711C5C58B6}
		{005618E4-06CD-4363-A178-44248E3DC180} = {E861B981-91DD-4B7E-A1C8-43711C5C58B6}
		{794DF6E5-CC13-468C-922F-030E143A3086} = {E861B981-91DD-4B7E-A1C8-43711C5C58B6}
		{0B7A7130-99D7-4681-8847-B96F2B275698} = {E861B981-91DD-4B7E-A1C8-43711C5C58B6}
		{C7B5BF10-1F76-4C92-825A-CDB79A11022E} = {E861B981-91DD-4B7E-A1C8-43711C5C58B6}
		{F6FA17D0-9CE3-41F0-A6D0-62D0240AB3D8} = {E861B981-91DD-4B7E-A1C8-43711C5C58B6}
		{4922BFCB-16AA-4EA5-B389-8EC98FCF8716} = {E861B981-91DD-4B7E-A1C8-43711C5C58B6}
		{660D4C26-2580-4F1D-95BB-2A75B4EB34C7} = {E861B981-91DD-4B7E-A1C8-43711C5C58B6}
		{9E00A01E-B8CC-4444-A370-C32DAC9BFD59} = {E861B981-91DD-4B7E-A1C8-43711C5C58B6}
		{A7D2D48A-96EC-47E6-B18A-E06384C6183F} = {E861B981-91DD-4B7E-A1C8-43711C5C58B6}
		{6677B3AD-C6AD-429A-A861-7C4ACC9A0C82} = {E861B981-91DD-4B7E-A1C8-43711C5C58B6}
		{ACAFACFB-7F96-49A8-BEC4-E41ABD6ADBA6} = {E861B981-91DD-4B7E-A1C8-43711C5C58B6}
		{AC8B5708-B896-4EAF-A064-B4BA90377C5C} = {E861B981-91DD-4B7E-A1C8-43711C5C58B6}
		{BCED8880-8F5D-45A7-9486-B686F8EA3700} = {E861B981-91DD-4B7E-A1C8-43711C5C58B6}
		{E7660A7E-C2F5-4803-8B46-3F77D62C53C3} = {E861B981-91DD-4B7E-A1C8-43711C5C58B6}
		{424B6EC6-7490-4F7F-A407-526D0BEBD1A5} = {E861B981-91DD-4B7E-A1C8-43711C5C58B6}
		{B251E22E-3B90-4CE8-B55B-BBE8C567D28C} = {E861B981-91DD-4B7E-A1C8-43711C5C58B6}
		{1E5FA000-1068-4AAA-9796-7EED2006582B} = {E861B981-91DD-4B7E-A1C8-43711C5C58B6}
		{71AE36C2-7FCC-4B52-93D2-21193A46AC21} = {E861B981-91DD-4B7E-A1C8-43711C5C58B6}
	EndGlobalSection
	GlobalSection(SolutionConfigurationPlatforms) = preSolution
		Debug|Any CPU = Debug|Any CPU
		Debug|x64 = Debug|x64
		Debug|x86 = Debug|x86
		Release|Any CPU = Release|Any CPU
		Release|x64 = Release|x64
		Release|x86 = Release|x86
	EndGlobalSection
	GlobalSection(ProjectConfigurationPlatforms) = postSolution
		{CC81C8FF-2C6C-472E-A3B2-03AC2CFFA917}.Debug|Any CPU.ActiveCfg = Debug|Any CPU
		{CC81C8FF-2C6C-472E-A3B2-03AC2CFFA917}.Debug|Any CPU.Build.0 = Debug|Any CPU
		{CC81C8FF-2C6C-472E-A3B2-03AC2CFFA917}.Debug|x64.ActiveCfg = Debug|Any CPU
		{CC81C8FF-2C6C-472E-A3B2-03AC2CFFA917}.Debug|x64.Build.0 = Debug|Any CPU
		{CC81C8FF-2C6C-472E-A3B2-03AC2CFFA917}.Debug|x86.ActiveCfg = Debug|Any CPU
		{CC81C8FF-2C6C-472E-A3B2-03AC2CFFA917}.Debug|x86.Build.0 = Debug|Any CPU
		{CC81C8FF-2C6C-472E-A3B2-03AC2CFFA917}.Release|Any CPU.ActiveCfg = Release|Any CPU
		{CC81C8FF-2C6C-472E-A3B2-03AC2CFFA917}.Release|Any CPU.Build.0 = Release|Any CPU
		{CC81C8FF-2C6C-472E-A3B2-03AC2CFFA917}.Release|x64.ActiveCfg = Release|Any CPU
		{CC81C8FF-2C6C-472E-A3B2-03AC2CFFA917}.Release|x64.Build.0 = Release|Any CPU
		{CC81C8FF-2C6C-472E-A3B2-03AC2CFFA917}.Release|x86.ActiveCfg = Release|Any CPU
		{CC81C8FF-2C6C-472E-A3B2-03AC2CFFA917}.Release|x86.Build.0 = Release|Any CPU
		{3392BF4B-679B-46DB-9585-613C988090D6}.Debug|Any CPU.ActiveCfg = Debug|Any CPU
		{3392BF4B-679B-46DB-9585-613C988090D6}.Debug|Any CPU.Build.0 = Debug|Any CPU
		{3392BF4B-679B-46DB-9585-613C988090D6}.Debug|x64.ActiveCfg = Debug|Any CPU
		{3392BF4B-679B-46DB-9585-613C988090D6}.Debug|x64.Build.0 = Debug|Any CPU
		{3392BF4B-679B-46DB-9585-613C988090D6}.Debug|x86.ActiveCfg = Debug|Any CPU
		{3392BF4B-679B-46DB-9585-613C988090D6}.Debug|x86.Build.0 = Debug|Any CPU
		{3392BF4B-679B-46DB-9585-613C988090D6}.Release|Any CPU.ActiveCfg = Release|Any CPU
		{3392BF4B-679B-46DB-9585-613C988090D6}.Release|Any CPU.Build.0 = Release|Any CPU
		{3392BF4B-679B-46DB-9585-613C988090D6}.Release|x64.ActiveCfg = Release|Any CPU
		{3392BF4B-679B-46DB-9585-613C988090D6}.Release|x64.Build.0 = Release|Any CPU
		{3392BF4B-679B-46DB-9585-613C988090D6}.Release|x86.ActiveCfg = Release|Any CPU
		{3392BF4B-679B-46DB-9585-613C988090D6}.Release|x86.Build.0 = Release|Any CPU
		{09ED2AE4-6AF3-4475-95EF-CCBF745B7586}.Debug|Any CPU.ActiveCfg = Debug|Any CPU
		{09ED2AE4-6AF3-4475-95EF-CCBF745B7586}.Debug|Any CPU.Build.0 = Debug|Any CPU
		{09ED2AE4-6AF3-4475-95EF-CCBF745B7586}.Debug|x64.ActiveCfg = Debug|Any CPU
		{09ED2AE4-6AF3-4475-95EF-CCBF745B7586}.Debug|x64.Build.0 = Debug|Any CPU
		{09ED2AE4-6AF3-4475-95EF-CCBF745B7586}.Debug|x86.ActiveCfg = Debug|Any CPU
		{09ED2AE4-6AF3-4475-95EF-CCBF745B7586}.Debug|x86.Build.0 = Debug|Any CPU
		{09ED2AE4-6AF3-4475-95EF-CCBF745B7586}.Release|Any CPU.ActiveCfg = Release|Any CPU
		{09ED2AE4-6AF3-4475-95EF-CCBF745B7586}.Release|Any CPU.Build.0 = Release|Any CPU
		{09ED2AE4-6AF3-4475-95EF-CCBF745B7586}.Release|x64.ActiveCfg = Release|Any CPU
		{09ED2AE4-6AF3-4475-95EF-CCBF745B7586}.Release|x64.Build.0 = Release|Any CPU
		{09ED2AE4-6AF3-4475-95EF-CCBF745B7586}.Release|x86.ActiveCfg = Release|Any CPU
		{09ED2AE4-6AF3-4475-95EF-CCBF745B7586}.Release|x86.Build.0 = Release|Any CPU
		{5F77028F-3E53-426B-A95E-3697FF572C6D}.Debug|Any CPU.ActiveCfg = Debug|Any CPU
		{5F77028F-3E53-426B-A95E-3697FF572C6D}.Debug|Any CPU.Build.0 = Debug|Any CPU
		{5F77028F-3E53-426B-A95E-3697FF572C6D}.Debug|x64.ActiveCfg = Debug|Any CPU
		{5F77028F-3E53-426B-A95E-3697FF572C6D}.Debug|x64.Build.0 = Debug|Any CPU
		{5F77028F-3E53-426B-A95E-3697FF572C6D}.Debug|x86.ActiveCfg = Debug|Any CPU
		{5F77028F-3E53-426B-A95E-3697FF572C6D}.Debug|x86.Build.0 = Debug|Any CPU
		{5F77028F-3E53-426B-A95E-3697FF572C6D}.Release|Any CPU.ActiveCfg = Release|Any CPU
		{5F77028F-3E53-426B-A95E-3697FF572C6D}.Release|Any CPU.Build.0 = Release|Any CPU
		{5F77028F-3E53-426B-A95E-3697FF572C6D}.Release|x64.ActiveCfg = Release|Any CPU
		{5F77028F-3E53-426B-A95E-3697FF572C6D}.Release|x64.Build.0 = Release|Any CPU
		{5F77028F-3E53-426B-A95E-3697FF572C6D}.Release|x86.ActiveCfg = Release|Any CPU
		{5F77028F-3E53-426B-A95E-3697FF572C6D}.Release|x86.Build.0 = Release|Any CPU
		{9A4AB8E2-64D8-42DD-A8E8-2D40236FC0E5}.Debug|Any CPU.ActiveCfg = Debug|Any CPU
		{9A4AB8E2-64D8-42DD-A8E8-2D40236FC0E5}.Debug|Any CPU.Build.0 = Debug|Any CPU
		{9A4AB8E2-64D8-42DD-A8E8-2D40236FC0E5}.Debug|x64.ActiveCfg = Debug|Any CPU
		{9A4AB8E2-64D8-42DD-A8E8-2D40236FC0E5}.Debug|x64.Build.0 = Debug|Any CPU
		{9A4AB8E2-64D8-42DD-A8E8-2D40236FC0E5}.Debug|x86.ActiveCfg = Debug|Any CPU
		{9A4AB8E2-64D8-42DD-A8E8-2D40236FC0E5}.Debug|x86.Build.0 = Debug|Any CPU
		{9A4AB8E2-64D8-42DD-A8E8-2D40236FC0E5}.Release|Any CPU.ActiveCfg = Release|Any CPU
		{9A4AB8E2-64D8-42DD-A8E8-2D40236FC0E5}.Release|Any CPU.Build.0 = Release|Any CPU
		{9A4AB8E2-64D8-42DD-A8E8-2D40236FC0E5}.Release|x64.ActiveCfg = Release|Any CPU
		{9A4AB8E2-64D8-42DD-A8E8-2D40236FC0E5}.Release|x64.Build.0 = Release|Any CPU
		{9A4AB8E2-64D8-42DD-A8E8-2D40236FC0E5}.Release|x86.ActiveCfg = Release|Any CPU
		{9A4AB8E2-64D8-42DD-A8E8-2D40236FC0E5}.Release|x86.Build.0 = Release|Any CPU
		{35338A85-393E-43CA-83AD-8AE2D822D053}.Debug|Any CPU.ActiveCfg = Debug|Any CPU
		{35338A85-393E-43CA-83AD-8AE2D822D053}.Debug|Any CPU.Build.0 = Debug|Any CPU
		{35338A85-393E-43CA-83AD-8AE2D822D053}.Debug|x64.ActiveCfg = Debug|Any CPU
		{35338A85-393E-43CA-83AD-8AE2D822D053}.Debug|x64.Build.0 = Debug|Any CPU
		{35338A85-393E-43CA-83AD-8AE2D822D053}.Debug|x86.ActiveCfg = Debug|Any CPU
		{35338A85-393E-43CA-83AD-8AE2D822D053}.Debug|x86.Build.0 = Debug|Any CPU
		{35338A85-393E-43CA-83AD-8AE2D822D053}.Release|Any CPU.ActiveCfg = Release|Any CPU
		{35338A85-393E-43CA-83AD-8AE2D822D053}.Release|Any CPU.Build.0 = Release|Any CPU
		{35338A85-393E-43CA-83AD-8AE2D822D053}.Release|x64.ActiveCfg = Release|Any CPU
		{35338A85-393E-43CA-83AD-8AE2D822D053}.Release|x64.Build.0 = Release|Any CPU
		{35338A85-393E-43CA-83AD-8AE2D822D053}.Release|x86.ActiveCfg = Release|Any CPU
		{35338A85-393E-43CA-83AD-8AE2D822D053}.Release|x86.Build.0 = Release|Any CPU
		{0965A094-5A99-46DE-8018-BA1837CFA7D9}.Debug|Any CPU.ActiveCfg = Debug|Any CPU
		{0965A094-5A99-46DE-8018-BA1837CFA7D9}.Debug|Any CPU.Build.0 = Debug|Any CPU
		{0965A094-5A99-46DE-8018-BA1837CFA7D9}.Debug|x64.ActiveCfg = Debug|Any CPU
		{0965A094-5A99-46DE-8018-BA1837CFA7D9}.Debug|x64.Build.0 = Debug|Any CPU
		{0965A094-5A99-46DE-8018-BA1837CFA7D9}.Debug|x86.ActiveCfg = Debug|Any CPU
		{0965A094-5A99-46DE-8018-BA1837CFA7D9}.Debug|x86.Build.0 = Debug|Any CPU
		{0965A094-5A99-46DE-8018-BA1837CFA7D9}.Release|Any CPU.ActiveCfg = Release|Any CPU
		{0965A094-5A99-46DE-8018-BA1837CFA7D9}.Release|Any CPU.Build.0 = Release|Any CPU
		{0965A094-5A99-46DE-8018-BA1837CFA7D9}.Release|x64.ActiveCfg = Release|Any CPU
		{0965A094-5A99-46DE-8018-BA1837CFA7D9}.Release|x64.Build.0 = Release|Any CPU
		{0965A094-5A99-46DE-8018-BA1837CFA7D9}.Release|x86.ActiveCfg = Release|Any CPU
		{0965A094-5A99-46DE-8018-BA1837CFA7D9}.Release|x86.Build.0 = Release|Any CPU
		{70490480-86AF-4A71-9DD0-69BFFA30929E}.Debug|Any CPU.ActiveCfg = Debug|Any CPU
		{70490480-86AF-4A71-9DD0-69BFFA30929E}.Debug|Any CPU.Build.0 = Debug|Any CPU
		{70490480-86AF-4A71-9DD0-69BFFA30929E}.Debug|x64.ActiveCfg = Debug|Any CPU
		{70490480-86AF-4A71-9DD0-69BFFA30929E}.Debug|x64.Build.0 = Debug|Any CPU
		{70490480-86AF-4A71-9DD0-69BFFA30929E}.Debug|x86.ActiveCfg = Debug|Any CPU
		{70490480-86AF-4A71-9DD0-69BFFA30929E}.Debug|x86.Build.0 = Debug|Any CPU
		{70490480-86AF-4A71-9DD0-69BFFA30929E}.Release|Any CPU.ActiveCfg = Release|Any CPU
		{70490480-86AF-4A71-9DD0-69BFFA30929E}.Release|Any CPU.Build.0 = Release|Any CPU
		{70490480-86AF-4A71-9DD0-69BFFA30929E}.Release|x64.ActiveCfg = Release|Any CPU
		{70490480-86AF-4A71-9DD0-69BFFA30929E}.Release|x64.Build.0 = Release|Any CPU
		{70490480-86AF-4A71-9DD0-69BFFA30929E}.Release|x86.ActiveCfg = Release|Any CPU
		{70490480-86AF-4A71-9DD0-69BFFA30929E}.Release|x86.Build.0 = Release|Any CPU
		{9DA3F4F2-6038-4B5D-AD83-C93D341424CC}.Debug|Any CPU.ActiveCfg = Debug|Any CPU
		{9DA3F4F2-6038-4B5D-AD83-C93D341424CC}.Debug|Any CPU.Build.0 = Debug|Any CPU
		{9DA3F4F2-6038-4B5D-AD83-C93D341424CC}.Debug|x64.ActiveCfg = Debug|Any CPU
		{9DA3F4F2-6038-4B5D-AD83-C93D341424CC}.Debug|x64.Build.0 = Debug|Any CPU
		{9DA3F4F2-6038-4B5D-AD83-C93D341424CC}.Debug|x86.ActiveCfg = Debug|Any CPU
		{9DA3F4F2-6038-4B5D-AD83-C93D341424CC}.Debug|x86.Build.0 = Debug|Any CPU
		{9DA3F4F2-6038-4B5D-AD83-C93D341424CC}.Release|Any CPU.ActiveCfg = Release|Any CPU
		{9DA3F4F2-6038-4B5D-AD83-C93D341424CC}.Release|Any CPU.Build.0 = Release|Any CPU
		{9DA3F4F2-6038-4B5D-AD83-C93D341424CC}.Release|x64.ActiveCfg = Release|Any CPU
		{9DA3F4F2-6038-4B5D-AD83-C93D341424CC}.Release|x64.Build.0 = Release|Any CPU
		{9DA3F4F2-6038-4B5D-AD83-C93D341424CC}.Release|x86.ActiveCfg = Release|Any CPU
		{9DA3F4F2-6038-4B5D-AD83-C93D341424CC}.Release|x86.Build.0 = Release|Any CPU
		{51F1D4F1-3B2E-4CF7-A398-4B1710F0115A}.Debug|Any CPU.ActiveCfg = Debug|Any CPU
		{51F1D4F1-3B2E-4CF7-A398-4B1710F0115A}.Debug|Any CPU.Build.0 = Debug|Any CPU
		{51F1D4F1-3B2E-4CF7-A398-4B1710F0115A}.Debug|x64.ActiveCfg = Debug|Any CPU
		{51F1D4F1-3B2E-4CF7-A398-4B1710F0115A}.Debug|x64.Build.0 = Debug|Any CPU
		{51F1D4F1-3B2E-4CF7-A398-4B1710F0115A}.Debug|x86.ActiveCfg = Debug|Any CPU
		{51F1D4F1-3B2E-4CF7-A398-4B1710F0115A}.Debug|x86.Build.0 = Debug|Any CPU
		{51F1D4F1-3B2E-4CF7-A398-4B1710F0115A}.Release|Any CPU.ActiveCfg = Release|Any CPU
		{51F1D4F1-3B2E-4CF7-A398-4B1710F0115A}.Release|Any CPU.Build.0 = Release|Any CPU
		{51F1D4F1-3B2E-4CF7-A398-4B1710F0115A}.Release|x64.ActiveCfg = Release|Any CPU
		{51F1D4F1-3B2E-4CF7-A398-4B1710F0115A}.Release|x64.Build.0 = Release|Any CPU
		{51F1D4F1-3B2E-4CF7-A398-4B1710F0115A}.Release|x86.ActiveCfg = Release|Any CPU
		{51F1D4F1-3B2E-4CF7-A398-4B1710F0115A}.Release|x86.Build.0 = Release|Any CPU
		{57AE33DF-9F65-4BD8-A225-9D2C5F2B6426}.Debug|Any CPU.ActiveCfg = Debug|Any CPU
		{57AE33DF-9F65-4BD8-A225-9D2C5F2B6426}.Debug|Any CPU.Build.0 = Debug|Any CPU
		{57AE33DF-9F65-4BD8-A225-9D2C5F2B6426}.Debug|x64.ActiveCfg = Debug|Any CPU
		{57AE33DF-9F65-4BD8-A225-9D2C5F2B6426}.Debug|x64.Build.0 = Debug|Any CPU
		{57AE33DF-9F65-4BD8-A225-9D2C5F2B6426}.Debug|x86.ActiveCfg = Debug|Any CPU
		{57AE33DF-9F65-4BD8-A225-9D2C5F2B6426}.Debug|x86.Build.0 = Debug|Any CPU
		{57AE33DF-9F65-4BD8-A225-9D2C5F2B6426}.Release|Any CPU.ActiveCfg = Release|Any CPU
		{57AE33DF-9F65-4BD8-A225-9D2C5F2B6426}.Release|Any CPU.Build.0 = Release|Any CPU
		{57AE33DF-9F65-4BD8-A225-9D2C5F2B6426}.Release|x64.ActiveCfg = Release|Any CPU
		{57AE33DF-9F65-4BD8-A225-9D2C5F2B6426}.Release|x64.Build.0 = Release|Any CPU
		{57AE33DF-9F65-4BD8-A225-9D2C5F2B6426}.Release|x86.ActiveCfg = Release|Any CPU
		{57AE33DF-9F65-4BD8-A225-9D2C5F2B6426}.Release|x86.Build.0 = Release|Any CPU
		{FA14FFD4-D4E8-426E-BA12-3E9C238C278B}.Debug|Any CPU.ActiveCfg = Debug|Any CPU
		{FA14FFD4-D4E8-426E-BA12-3E9C238C278B}.Debug|Any CPU.Build.0 = Debug|Any CPU
		{FA14FFD4-D4E8-426E-BA12-3E9C238C278B}.Debug|x64.ActiveCfg = Debug|Any CPU
		{FA14FFD4-D4E8-426E-BA12-3E9C238C278B}.Debug|x64.Build.0 = Debug|Any CPU
		{FA14FFD4-D4E8-426E-BA12-3E9C238C278B}.Debug|x86.ActiveCfg = Debug|Any CPU
		{FA14FFD4-D4E8-426E-BA12-3E9C238C278B}.Debug|x86.Build.0 = Debug|Any CPU
		{FA14FFD4-D4E8-426E-BA12-3E9C238C278B}.Release|Any CPU.ActiveCfg = Release|Any CPU
		{FA14FFD4-D4E8-426E-BA12-3E9C238C278B}.Release|Any CPU.Build.0 = Release|Any CPU
		{FA14FFD4-D4E8-426E-BA12-3E9C238C278B}.Release|x64.ActiveCfg = Release|Any CPU
		{FA14FFD4-D4E8-426E-BA12-3E9C238C278B}.Release|x64.Build.0 = Release|Any CPU
		{FA14FFD4-D4E8-426E-BA12-3E9C238C278B}.Release|x86.ActiveCfg = Release|Any CPU
		{FA14FFD4-D4E8-426E-BA12-3E9C238C278B}.Release|x86.Build.0 = Release|Any CPU
		{016BCD9E-A528-4A24-BA0B-F08FBEE2E40E}.Debug|Any CPU.ActiveCfg = Debug|Any CPU
		{016BCD9E-A528-4A24-BA0B-F08FBEE2E40E}.Debug|Any CPU.Build.0 = Debug|Any CPU
		{016BCD9E-A528-4A24-BA0B-F08FBEE2E40E}.Debug|x64.ActiveCfg = Debug|Any CPU
		{016BCD9E-A528-4A24-BA0B-F08FBEE2E40E}.Debug|x64.Build.0 = Debug|Any CPU
		{016BCD9E-A528-4A24-BA0B-F08FBEE2E40E}.Debug|x86.ActiveCfg = Debug|Any CPU
		{016BCD9E-A528-4A24-BA0B-F08FBEE2E40E}.Debug|x86.Build.0 = Debug|Any CPU
		{016BCD9E-A528-4A24-BA0B-F08FBEE2E40E}.Release|Any CPU.ActiveCfg = Release|Any CPU
		{016BCD9E-A528-4A24-BA0B-F08FBEE2E40E}.Release|Any CPU.Build.0 = Release|Any CPU
		{016BCD9E-A528-4A24-BA0B-F08FBEE2E40E}.Release|x64.ActiveCfg = Release|Any CPU
		{016BCD9E-A528-4A24-BA0B-F08FBEE2E40E}.Release|x64.Build.0 = Release|Any CPU
		{016BCD9E-A528-4A24-BA0B-F08FBEE2E40E}.Release|x86.ActiveCfg = Release|Any CPU
		{016BCD9E-A528-4A24-BA0B-F08FBEE2E40E}.Release|x86.Build.0 = Release|Any CPU
		{005618E4-06CD-4363-A178-44248E3DC180}.Debug|Any CPU.ActiveCfg = Debug|Any CPU
		{005618E4-06CD-4363-A178-44248E3DC180}.Debug|Any CPU.Build.0 = Debug|Any CPU
		{005618E4-06CD-4363-A178-44248E3DC180}.Debug|x64.ActiveCfg = Debug|Any CPU
		{005618E4-06CD-4363-A178-44248E3DC180}.Debug|x64.Build.0 = Debug|Any CPU
		{005618E4-06CD-4363-A178-44248E3DC180}.Debug|x86.ActiveCfg = Debug|Any CPU
		{005618E4-06CD-4363-A178-44248E3DC180}.Debug|x86.Build.0 = Debug|Any CPU
		{005618E4-06CD-4363-A178-44248E3DC180}.Release|Any CPU.ActiveCfg = Release|Any CPU
		{005618E4-06CD-4363-A178-44248E3DC180}.Release|Any CPU.Build.0 = Release|Any CPU
		{005618E4-06CD-4363-A178-44248E3DC180}.Release|x64.ActiveCfg = Release|Any CPU
		{005618E4-06CD-4363-A178-44248E3DC180}.Release|x64.Build.0 = Release|Any CPU
		{005618E4-06CD-4363-A178-44248E3DC180}.Release|x86.ActiveCfg = Release|Any CPU
		{005618E4-06CD-4363-A178-44248E3DC180}.Release|x86.Build.0 = Release|Any CPU
		{794DF6E5-CC13-468C-922F-030E143A3086}.Debug|Any CPU.ActiveCfg = Debug|Any CPU
		{794DF6E5-CC13-468C-922F-030E143A3086}.Debug|Any CPU.Build.0 = Debug|Any CPU
		{794DF6E5-CC13-468C-922F-030E143A3086}.Debug|x64.ActiveCfg = Debug|Any CPU
		{794DF6E5-CC13-468C-922F-030E143A3086}.Debug|x64.Build.0 = Debug|Any CPU
		{794DF6E5-CC13-468C-922F-030E143A3086}.Debug|x86.ActiveCfg = Debug|Any CPU
		{794DF6E5-CC13-468C-922F-030E143A3086}.Debug|x86.Build.0 = Debug|Any CPU
		{794DF6E5-CC13-468C-922F-030E143A3086}.Release|Any CPU.ActiveCfg = Release|Any CPU
		{794DF6E5-CC13-468C-922F-030E143A3086}.Release|Any CPU.Build.0 = Release|Any CPU
		{794DF6E5-CC13-468C-922F-030E143A3086}.Release|x64.ActiveCfg = Release|Any CPU
		{794DF6E5-CC13-468C-922F-030E143A3086}.Release|x64.Build.0 = Release|Any CPU
		{794DF6E5-CC13-468C-922F-030E143A3086}.Release|x86.ActiveCfg = Release|Any CPU
		{794DF6E5-CC13-468C-922F-030E143A3086}.Release|x86.Build.0 = Release|Any CPU
		{0B7A7130-99D7-4681-8847-B96F2B275698}.Debug|Any CPU.ActiveCfg = Debug|Any CPU
		{0B7A7130-99D7-4681-8847-B96F2B275698}.Debug|Any CPU.Build.0 = Debug|Any CPU
		{0B7A7130-99D7-4681-8847-B96F2B275698}.Debug|x64.ActiveCfg = Debug|Any CPU
		{0B7A7130-99D7-4681-8847-B96F2B275698}.Debug|x64.Build.0 = Debug|Any CPU
		{0B7A7130-99D7-4681-8847-B96F2B275698}.Debug|x86.ActiveCfg = Debug|Any CPU
		{0B7A7130-99D7-4681-8847-B96F2B275698}.Debug|x86.Build.0 = Debug|Any CPU
		{0B7A7130-99D7-4681-8847-B96F2B275698}.Release|Any CPU.ActiveCfg = Release|Any CPU
		{0B7A7130-99D7-4681-8847-B96F2B275698}.Release|Any CPU.Build.0 = Release|Any CPU
		{0B7A7130-99D7-4681-8847-B96F2B275698}.Release|x64.ActiveCfg = Release|Any CPU
		{0B7A7130-99D7-4681-8847-B96F2B275698}.Release|x64.Build.0 = Release|Any CPU
		{0B7A7130-99D7-4681-8847-B96F2B275698}.Release|x86.ActiveCfg = Release|Any CPU
		{0B7A7130-99D7-4681-8847-B96F2B275698}.Release|x86.Build.0 = Release|Any CPU
		{C7B5BF10-1F76-4C92-825A-CDB79A11022E}.Debug|Any CPU.ActiveCfg = Debug|Any CPU
		{C7B5BF10-1F76-4C92-825A-CDB79A11022E}.Debug|Any CPU.Build.0 = Debug|Any CPU
		{C7B5BF10-1F76-4C92-825A-CDB79A11022E}.Debug|x64.ActiveCfg = Debug|Any CPU
		{C7B5BF10-1F76-4C92-825A-CDB79A11022E}.Debug|x64.Build.0 = Debug|Any CPU
		{C7B5BF10-1F76-4C92-825A-CDB79A11022E}.Debug|x86.ActiveCfg = Debug|Any CPU
		{C7B5BF10-1F76-4C92-825A-CDB79A11022E}.Debug|x86.Build.0 = Debug|Any CPU
		{C7B5BF10-1F76-4C92-825A-CDB79A11022E}.Release|Any CPU.ActiveCfg = Release|Any CPU
		{C7B5BF10-1F76-4C92-825A-CDB79A11022E}.Release|Any CPU.Build.0 = Release|Any CPU
		{C7B5BF10-1F76-4C92-825A-CDB79A11022E}.Release|x64.ActiveCfg = Release|Any CPU
		{C7B5BF10-1F76-4C92-825A-CDB79A11022E}.Release|x64.Build.0 = Release|Any CPU
		{C7B5BF10-1F76-4C92-825A-CDB79A11022E}.Release|x86.ActiveCfg = Release|Any CPU
		{C7B5BF10-1F76-4C92-825A-CDB79A11022E}.Release|x86.Build.0 = Release|Any CPU
		{F6FA17D0-9CE3-41F0-A6D0-62D0240AB3D8}.Debug|Any CPU.ActiveCfg = Debug|Any CPU
		{F6FA17D0-9CE3-41F0-A6D0-62D0240AB3D8}.Debug|Any CPU.Build.0 = Debug|Any CPU
		{F6FA17D0-9CE3-41F0-A6D0-62D0240AB3D8}.Debug|x64.ActiveCfg = Debug|Any CPU
		{F6FA17D0-9CE3-41F0-A6D0-62D0240AB3D8}.Debug|x64.Build.0 = Debug|Any CPU
		{F6FA17D0-9CE3-41F0-A6D0-62D0240AB3D8}.Debug|x86.ActiveCfg = Debug|Any CPU
		{F6FA17D0-9CE3-41F0-A6D0-62D0240AB3D8}.Debug|x86.Build.0 = Debug|Any CPU
		{F6FA17D0-9CE3-41F0-A6D0-62D0240AB3D8}.Release|Any CPU.ActiveCfg = Release|Any CPU
		{F6FA17D0-9CE3-41F0-A6D0-62D0240AB3D8}.Release|Any CPU.Build.0 = Release|Any CPU
		{F6FA17D0-9CE3-41F0-A6D0-62D0240AB3D8}.Release|x64.ActiveCfg = Release|Any CPU
		{F6FA17D0-9CE3-41F0-A6D0-62D0240AB3D8}.Release|x64.Build.0 = Release|Any CPU
		{F6FA17D0-9CE3-41F0-A6D0-62D0240AB3D8}.Release|x86.ActiveCfg = Release|Any CPU
		{F6FA17D0-9CE3-41F0-A6D0-62D0240AB3D8}.Release|x86.Build.0 = Release|Any CPU
		{4922BFCB-16AA-4EA5-B389-8EC98FCF8716}.Debug|Any CPU.ActiveCfg = Debug|Any CPU
		{4922BFCB-16AA-4EA5-B389-8EC98FCF8716}.Debug|Any CPU.Build.0 = Debug|Any CPU
		{4922BFCB-16AA-4EA5-B389-8EC98FCF8716}.Debug|x64.ActiveCfg = Debug|Any CPU
		{4922BFCB-16AA-4EA5-B389-8EC98FCF8716}.Debug|x64.Build.0 = Debug|Any CPU
		{4922BFCB-16AA-4EA5-B389-8EC98FCF8716}.Debug|x86.ActiveCfg = Debug|Any CPU
		{4922BFCB-16AA-4EA5-B389-8EC98FCF8716}.Debug|x86.Build.0 = Debug|Any CPU
		{4922BFCB-16AA-4EA5-B389-8EC98FCF8716}.Release|Any CPU.ActiveCfg = Release|Any CPU
		{4922BFCB-16AA-4EA5-B389-8EC98FCF8716}.Release|Any CPU.Build.0 = Release|Any CPU
		{4922BFCB-16AA-4EA5-B389-8EC98FCF8716}.Release|x64.ActiveCfg = Release|Any CPU
		{4922BFCB-16AA-4EA5-B389-8EC98FCF8716}.Release|x64.Build.0 = Release|Any CPU
		{4922BFCB-16AA-4EA5-B389-8EC98FCF8716}.Release|x86.ActiveCfg = Release|Any CPU
		{4922BFCB-16AA-4EA5-B389-8EC98FCF8716}.Release|x86.Build.0 = Release|Any CPU
		{660D4C26-2580-4F1D-95BB-2A75B4EB34C7}.Debug|Any CPU.ActiveCfg = Debug|Any CPU
		{660D4C26-2580-4F1D-95BB-2A75B4EB34C7}.Debug|Any CPU.Build.0 = Debug|Any CPU
		{660D4C26-2580-4F1D-95BB-2A75B4EB34C7}.Debug|x64.ActiveCfg = Debug|Any CPU
		{660D4C26-2580-4F1D-95BB-2A75B4EB34C7}.Debug|x64.Build.0 = Debug|Any CPU
		{660D4C26-2580-4F1D-95BB-2A75B4EB34C7}.Debug|x86.ActiveCfg = Debug|Any CPU
		{660D4C26-2580-4F1D-95BB-2A75B4EB34C7}.Debug|x86.Build.0 = Debug|Any CPU
		{660D4C26-2580-4F1D-95BB-2A75B4EB34C7}.Release|Any CPU.ActiveCfg = Release|Any CPU
		{660D4C26-2580-4F1D-95BB-2A75B4EB34C7}.Release|Any CPU.Build.0 = Release|Any CPU
		{660D4C26-2580-4F1D-95BB-2A75B4EB34C7}.Release|x64.ActiveCfg = Release|Any CPU
		{660D4C26-2580-4F1D-95BB-2A75B4EB34C7}.Release|x64.Build.0 = Release|Any CPU
		{660D4C26-2580-4F1D-95BB-2A75B4EB34C7}.Release|x86.ActiveCfg = Release|Any CPU
		{660D4C26-2580-4F1D-95BB-2A75B4EB34C7}.Release|x86.Build.0 = Release|Any CPU
		{9E00A01E-B8CC-4444-A370-C32DAC9BFD59}.Debug|Any CPU.ActiveCfg = Debug|Any CPU
		{9E00A01E-B8CC-4444-A370-C32DAC9BFD59}.Debug|Any CPU.Build.0 = Debug|Any CPU
		{9E00A01E-B8CC-4444-A370-C32DAC9BFD59}.Debug|x64.ActiveCfg = Debug|Any CPU
		{9E00A01E-B8CC-4444-A370-C32DAC9BFD59}.Debug|x64.Build.0 = Debug|Any CPU
		{9E00A01E-B8CC-4444-A370-C32DAC9BFD59}.Debug|x86.ActiveCfg = Debug|Any CPU
		{9E00A01E-B8CC-4444-A370-C32DAC9BFD59}.Debug|x86.Build.0 = Debug|Any CPU
		{9E00A01E-B8CC-4444-A370-C32DAC9BFD59}.Release|Any CPU.ActiveCfg = Release|Any CPU
		{9E00A01E-B8CC-4444-A370-C32DAC9BFD59}.Release|Any CPU.Build.0 = Release|Any CPU
		{9E00A01E-B8CC-4444-A370-C32DAC9BFD59}.Release|x64.ActiveCfg = Release|Any CPU
		{9E00A01E-B8CC-4444-A370-C32DAC9BFD59}.Release|x64.Build.0 = Release|Any CPU
		{9E00A01E-B8CC-4444-A370-C32DAC9BFD59}.Release|x86.ActiveCfg = Release|Any CPU
		{9E00A01E-B8CC-4444-A370-C32DAC9BFD59}.Release|x86.Build.0 = Release|Any CPU
		{A7D2D48A-96EC-47E6-B18A-E06384C6183F}.Debug|Any CPU.ActiveCfg = Debug|Any CPU
		{A7D2D48A-96EC-47E6-B18A-E06384C6183F}.Debug|Any CPU.Build.0 = Debug|Any CPU
		{A7D2D48A-96EC-47E6-B18A-E06384C6183F}.Debug|x64.ActiveCfg = Debug|Any CPU
		{A7D2D48A-96EC-47E6-B18A-E06384C6183F}.Debug|x64.Build.0 = Debug|Any CPU
		{A7D2D48A-96EC-47E6-B18A-E06384C6183F}.Debug|x86.ActiveCfg = Debug|Any CPU
		{A7D2D48A-96EC-47E6-B18A-E06384C6183F}.Debug|x86.Build.0 = Debug|Any CPU
		{A7D2D48A-96EC-47E6-B18A-E06384C6183F}.Release|Any CPU.ActiveCfg = Release|Any CPU
		{A7D2D48A-96EC-47E6-B18A-E06384C6183F}.Release|Any CPU.Build.0 = Release|Any CPU
		{A7D2D48A-96EC-47E6-B18A-E06384C6183F}.Release|x64.ActiveCfg = Release|Any CPU
		{A7D2D48A-96EC-47E6-B18A-E06384C6183F}.Release|x64.Build.0 = Release|Any CPU
		{A7D2D48A-96EC-47E6-B18A-E06384C6183F}.Release|x86.ActiveCfg = Release|Any CPU
		{A7D2D48A-96EC-47E6-B18A-E06384C6183F}.Release|x86.Build.0 = Release|Any CPU
		{6677B3AD-C6AD-429A-A861-7C4ACC9A0C82}.Debug|Any CPU.ActiveCfg = Debug|Any CPU
		{6677B3AD-C6AD-429A-A861-7C4ACC9A0C82}.Debug|Any CPU.Build.0 = Debug|Any CPU
		{6677B3AD-C6AD-429A-A861-7C4ACC9A0C82}.Debug|x64.ActiveCfg = Debug|Any CPU
		{6677B3AD-C6AD-429A-A861-7C4ACC9A0C82}.Debug|x64.Build.0 = Debug|Any CPU
		{6677B3AD-C6AD-429A-A861-7C4ACC9A0C82}.Debug|x86.ActiveCfg = Debug|Any CPU
		{6677B3AD-C6AD-429A-A861-7C4ACC9A0C82}.Debug|x86.Build.0 = Debug|Any CPU
		{6677B3AD-C6AD-429A-A861-7C4ACC9A0C82}.Release|Any CPU.ActiveCfg = Release|Any CPU
		{6677B3AD-C6AD-429A-A861-7C4ACC9A0C82}.Release|Any CPU.Build.0 = Release|Any CPU
		{6677B3AD-C6AD-429A-A861-7C4ACC9A0C82}.Release|x64.ActiveCfg = Release|Any CPU
		{6677B3AD-C6AD-429A-A861-7C4ACC9A0C82}.Release|x64.Build.0 = Release|Any CPU
		{6677B3AD-C6AD-429A-A861-7C4ACC9A0C82}.Release|x86.ActiveCfg = Release|Any CPU
		{6677B3AD-C6AD-429A-A861-7C4ACC9A0C82}.Release|x86.Build.0 = Release|Any CPU
		{ACAFACFB-7F96-49A8-BEC4-E41ABD6ADBA6}.Debug|Any CPU.ActiveCfg = Debug|Any CPU
		{ACAFACFB-7F96-49A8-BEC4-E41ABD6ADBA6}.Debug|Any CPU.Build.0 = Debug|Any CPU
		{ACAFACFB-7F96-49A8-BEC4-E41ABD6ADBA6}.Debug|x64.ActiveCfg = Debug|Any CPU
		{ACAFACFB-7F96-49A8-BEC4-E41ABD6ADBA6}.Debug|x64.Build.0 = Debug|Any CPU
		{ACAFACFB-7F96-49A8-BEC4-E41ABD6ADBA6}.Debug|x86.ActiveCfg = Debug|Any CPU
		{ACAFACFB-7F96-49A8-BEC4-E41ABD6ADBA6}.Debug|x86.Build.0 = Debug|Any CPU
		{ACAFACFB-7F96-49A8-BEC4-E41ABD6ADBA6}.Release|Any CPU.ActiveCfg = Release|Any CPU
		{ACAFACFB-7F96-49A8-BEC4-E41ABD6ADBA6}.Release|Any CPU.Build.0 = Release|Any CPU
		{ACAFACFB-7F96-49A8-BEC4-E41ABD6ADBA6}.Release|x64.ActiveCfg = Release|Any CPU
		{ACAFACFB-7F96-49A8-BEC4-E41ABD6ADBA6}.Release|x64.Build.0 = Release|Any CPU
		{ACAFACFB-7F96-49A8-BEC4-E41ABD6ADBA6}.Release|x86.ActiveCfg = Release|Any CPU
		{ACAFACFB-7F96-49A8-BEC4-E41ABD6ADBA6}.Release|x86.Build.0 = Release|Any CPU
		{AC8B5708-B896-4EAF-A064-B4BA90377C5C}.Debug|Any CPU.ActiveCfg = Debug|Any CPU
		{AC8B5708-B896-4EAF-A064-B4BA90377C5C}.Debug|Any CPU.Build.0 = Debug|Any CPU
		{AC8B5708-B896-4EAF-A064-B4BA90377C5C}.Debug|x64.ActiveCfg = Debug|Any CPU
		{AC8B5708-B896-4EAF-A064-B4BA90377C5C}.Debug|x64.Build.0 = Debug|Any CPU
		{AC8B5708-B896-4EAF-A064-B4BA90377C5C}.Debug|x86.ActiveCfg = Debug|Any CPU
		{AC8B5708-B896-4EAF-A064-B4BA90377C5C}.Debug|x86.Build.0 = Debug|Any CPU
		{AC8B5708-B896-4EAF-A064-B4BA90377C5C}.Release|Any CPU.ActiveCfg = Release|Any CPU
		{AC8B5708-B896-4EAF-A064-B4BA90377C5C}.Release|Any CPU.Build.0 = Release|Any CPU
		{AC8B5708-B896-4EAF-A064-B4BA90377C5C}.Release|x64.ActiveCfg = Release|Any CPU
		{AC8B5708-B896-4EAF-A064-B4BA90377C5C}.Release|x64.Build.0 = Release|Any CPU
		{AC8B5708-B896-4EAF-A064-B4BA90377C5C}.Release|x86.ActiveCfg = Release|Any CPU
		{AC8B5708-B896-4EAF-A064-B4BA90377C5C}.Release|x86.Build.0 = Release|Any CPU
		{BCED8880-8F5D-45A7-9486-B686F8EA3700}.Debug|Any CPU.ActiveCfg = Debug|Any CPU
		{BCED8880-8F5D-45A7-9486-B686F8EA3700}.Debug|Any CPU.Build.0 = Debug|Any CPU
		{BCED8880-8F5D-45A7-9486-B686F8EA3700}.Debug|x64.ActiveCfg = Debug|Any CPU
		{BCED8880-8F5D-45A7-9486-B686F8EA3700}.Debug|x64.Build.0 = Debug|Any CPU
		{BCED8880-8F5D-45A7-9486-B686F8EA3700}.Debug|x86.ActiveCfg = Debug|Any CPU
		{BCED8880-8F5D-45A7-9486-B686F8EA3700}.Debug|x86.Build.0 = Debug|Any CPU
		{BCED8880-8F5D-45A7-9486-B686F8EA3700}.Release|Any CPU.ActiveCfg = Release|Any CPU
		{BCED8880-8F5D-45A7-9486-B686F8EA3700}.Release|Any CPU.Build.0 = Release|Any CPU
		{BCED8880-8F5D-45A7-9486-B686F8EA3700}.Release|x64.ActiveCfg = Release|Any CPU
		{BCED8880-8F5D-45A7-9486-B686F8EA3700}.Release|x64.Build.0 = Release|Any CPU
		{BCED8880-8F5D-45A7-9486-B686F8EA3700}.Release|x86.ActiveCfg = Release|Any CPU
		{BCED8880-8F5D-45A7-9486-B686F8EA3700}.Release|x86.Build.0 = Release|Any CPU
		{E7660A7E-C2F5-4803-8B46-3F77D62C53C3}.Debug|Any CPU.ActiveCfg = Debug|Any CPU
		{E7660A7E-C2F5-4803-8B46-3F77D62C53C3}.Debug|Any CPU.Build.0 = Debug|Any CPU
		{E7660A7E-C2F5-4803-8B46-3F77D62C53C3}.Debug|x64.ActiveCfg = Debug|Any CPU
		{E7660A7E-C2F5-4803-8B46-3F77D62C53C3}.Debug|x64.Build.0 = Debug|Any CPU
		{E7660A7E-C2F5-4803-8B46-3F77D62C53C3}.Debug|x86.ActiveCfg = Debug|Any CPU
		{E7660A7E-C2F5-4803-8B46-3F77D62C53C3}.Debug|x86.Build.0 = Debug|Any CPU
		{E7660A7E-C2F5-4803-8B46-3F77D62C53C3}.Release|Any CPU.ActiveCfg = Release|Any CPU
		{E7660A7E-C2F5-4803-8B46-3F77D62C53C3}.Release|Any CPU.Build.0 = Release|Any CPU
		{E7660A7E-C2F5-4803-8B46-3F77D62C53C3}.Release|x64.ActiveCfg = Release|Any CPU
		{E7660A7E-C2F5-4803-8B46-3F77D62C53C3}.Release|x64.Build.0 = Release|Any CPU
		{E7660A7E-C2F5-4803-8B46-3F77D62C53C3}.Release|x86.ActiveCfg = Release|Any CPU
		{E7660A7E-C2F5-4803-8B46-3F77D62C53C3}.Release|x86.Build.0 = Release|Any CPU
		{424B6EC6-7490-4F7F-A407-526D0BEBD1A5}.Debug|Any CPU.ActiveCfg = Debug|Any CPU
		{424B6EC6-7490-4F7F-A407-526D0BEBD1A5}.Debug|Any CPU.Build.0 = Debug|Any CPU
		{424B6EC6-7490-4F7F-A407-526D0BEBD1A5}.Debug|x64.ActiveCfg = Debug|Any CPU
		{424B6EC6-7490-4F7F-A407-526D0BEBD1A5}.Debug|x64.Build.0 = Debug|Any CPU
		{424B6EC6-7490-4F7F-A407-526D0BEBD1A5}.Debug|x86.ActiveCfg = Debug|Any CPU
		{424B6EC6-7490-4F7F-A407-526D0BEBD1A5}.Debug|x86.Build.0 = Debug|Any CPU
		{424B6EC6-7490-4F7F-A407-526D0BEBD1A5}.Release|Any CPU.ActiveCfg = Release|Any CPU
		{424B6EC6-7490-4F7F-A407-526D0BEBD1A5}.Release|Any CPU.Build.0 = Release|Any CPU
		{424B6EC6-7490-4F7F-A407-526D0BEBD1A5}.Release|x64.ActiveCfg = Release|Any CPU
		{424B6EC6-7490-4F7F-A407-526D0BEBD1A5}.Release|x64.Build.0 = Release|Any CPU
		{424B6EC6-7490-4F7F-A407-526D0BEBD1A5}.Release|x86.ActiveCfg = Release|Any CPU
		{424B6EC6-7490-4F7F-A407-526D0BEBD1A5}.Release|x86.Build.0 = Release|Any CPU
		{B251E22E-3B90-4CE8-B55B-BBE8C567D28C}.Debug|Any CPU.ActiveCfg = Debug|Any CPU
		{B251E22E-3B90-4CE8-B55B-BBE8C567D28C}.Debug|Any CPU.Build.0 = Debug|Any CPU
		{B251E22E-3B90-4CE8-B55B-BBE8C567D28C}.Debug|x64.ActiveCfg = Debug|Any CPU
		{B251E22E-3B90-4CE8-B55B-BBE8C567D28C}.Debug|x64.Build.0 = Debug|Any CPU
		{B251E22E-3B90-4CE8-B55B-BBE8C567D28C}.Debug|x86.ActiveCfg = Debug|Any CPU
		{B251E22E-3B90-4CE8-B55B-BBE8C567D28C}.Debug|x86.Build.0 = Debug|Any CPU
		{B251E22E-3B90-4CE8-B55B-BBE8C567D28C}.Release|Any CPU.ActiveCfg = Release|Any CPU
		{B251E22E-3B90-4CE8-B55B-BBE8C567D28C}.Release|Any CPU.Build.0 = Release|Any CPU
		{B251E22E-3B90-4CE8-B55B-BBE8C567D28C}.Release|x64.ActiveCfg = Release|Any CPU
		{B251E22E-3B90-4CE8-B55B-BBE8C567D28C}.Release|x64.Build.0 = Release|Any CPU
		{B251E22E-3B90-4CE8-B55B-BBE8C567D28C}.Release|x86.ActiveCfg = Release|Any CPU
		{B251E22E-3B90-4CE8-B55B-BBE8C567D28C}.Release|x86.Build.0 = Release|Any CPU
		{1E5FA000-1068-4AAA-9796-7EED2006582B}.Debug|Any CPU.ActiveCfg = Debug|Any CPU
		{1E5FA000-1068-4AAA-9796-7EED2006582B}.Debug|Any CPU.Build.0 = Debug|Any CPU
		{1E5FA000-1068-4AAA-9796-7EED2006582B}.Debug|x64.ActiveCfg = Debug|Any CPU
		{1E5FA000-1068-4AAA-9796-7EED2006582B}.Debug|x64.Build.0 = Debug|Any CPU
		{1E5FA000-1068-4AAA-9796-7EED2006582B}.Debug|x86.ActiveCfg = Debug|Any CPU
		{1E5FA000-1068-4AAA-9796-7EED2006582B}.Debug|x86.Build.0 = Debug|Any CPU
		{1E5FA000-1068-4AAA-9796-7EED2006582B}.Release|Any CPU.ActiveCfg = Release|Any CPU
		{1E5FA000-1068-4AAA-9796-7EED2006582B}.Release|Any CPU.Build.0 = Release|Any CPU
		{1E5FA000-1068-4AAA-9796-7EED2006582B}.Release|x64.ActiveCfg = Release|Any CPU
		{1E5FA000-1068-4AAA-9796-7EED2006582B}.Release|x64.Build.0 = Release|Any CPU
		{1E5FA000-1068-4AAA-9796-7EED2006582B}.Release|x86.ActiveCfg = Release|Any CPU
		{1E5FA000-1068-4AAA-9796-7EED2006582B}.Release|x86.Build.0 = Release|Any CPU
		{71AE36C2-7FCC-4B52-93D2-21193A46AC21}.Debug|Any CPU.ActiveCfg = Debug|Any CPU
		{71AE36C2-7FCC-4B52-93D2-21193A46AC21}.Debug|Any CPU.Build.0 = Debug|Any CPU
		{71AE36C2-7FCC-4B52-93D2-21193A46AC21}.Debug|x64.ActiveCfg = Debug|Any CPU
		{71AE36C2-7FCC-4B52-93D2-21193A46AC21}.Debug|x64.Build.0 = Debug|Any CPU
		{71AE36C2-7FCC-4B52-93D2-21193A46AC21}.Debug|x86.ActiveCfg = Debug|Any CPU
		{71AE36C2-7FCC-4B52-93D2-21193A46AC21}.Debug|x86.Build.0 = Debug|Any CPU
		{71AE36C2-7FCC-4B52-93D2-21193A46AC21}.Release|Any CPU.ActiveCfg = Release|Any CPU
		{71AE36C2-7FCC-4B52-93D2-21193A46AC21}.Release|Any CPU.Build.0 = Release|Any CPU
		{71AE36C2-7FCC-4B52-93D2-21193A46AC21}.Release|x64.ActiveCfg = Release|Any CPU
		{71AE36C2-7FCC-4B52-93D2-21193A46AC21}.Release|x64.Build.0 = Release|Any CPU
		{71AE36C2-7FCC-4B52-93D2-21193A46AC21}.Release|x86.ActiveCfg = Release|Any CPU
		{71AE36C2-7FCC-4B52-93D2-21193A46AC21}.Release|x86.Build.0 = Release|Any CPU
	EndGlobalSection
	GlobalSection(SolutionProperties) = preSolution
		HideSolutionNode = FALSE
	EndGlobalSection
	GlobalSection(ExtensibilityGlobals) = postSolution
		SolutionGuid = {3E6F37EF-C994-4552-991F-5389ACFBBAD5}
	EndGlobalSection
EndGlobal
